<Solution>
  <Folder Name="/Aplicacion/">
    <Project Path="Aplicacion/FinTech.Application.DTO/FinTech.Application.DTO.csproj" />
    <Project Path="Aplicacion/FinTech.Application.Interfaces/FinTech.Application.Interfaces.csproj" />
    <Project Path="Aplicacion/FinTech.Application.UseCases/FinTech.Application.UseCases.csproj" />
  </Folder>
  <Folder Name="/Dominio/">
    <Project Path="Dominio/FinTech.Domain/FinTech.Domain.csproj" />
  </Folder>
  <Folder Name="/Infraestructura/">
    <Project Path="Infraestructura/FinTech.Infrastructure/FinTech.Infrastructure.csproj" />
  </Folder>
  <Folder Name="/Presentacion/">
    <Project Path="Presentacion/FinTech.Api/FinTech.Api.csproj" />
  </Folder>
  <Folder Name="/Tests/">
    <Project Path="Tests/FinTech.Tests/FinTech.Tests.csproj" />
  </Folder>
</Solution>
